
Microsoft Visual Studio Solution File, Format Version 12.00
# Visual Studio Version 16
VisualStudioVersion = 16.0.30804.86
MinimumVisualStudioVersion = 10.0.40219.1
Project("{FAE04EC0-301F-11D3-BF4B-00C04F79EFBC}") = "CryptoSaver.Core", "CryptoSaver.Core\CryptoSaver.Core.csproj", "{9488994B-5245-4ED1-B046-8675ECD78AAB}"
EndProject
Project("{FAE04EC0-301F-11D3-BF4B-00C04F79EFBC}") = "CryptoSaver.Client", "CryptoSaver.Client\CryptoSaver.Client.csproj", "{9AD3E519-CDB8-4A2E-8C41-D260EC514D0A}"
EndProject
Global
	GlobalSection(SolutionConfigurationPlatforms) = preSolution
		Debug|Any CPU = Debug|Any CPU
		Release|Any CPU = Release|Any CPU
	EndGlobalSection
	GlobalSection(ProjectConfigurationPlatforms) = postSolution
		{9488994B-5245-4ED1-B046-8675ECD78AAB}.Debug|Any CPU.ActiveCfg = Debug|Any CPU
		{9488994B-5245-4ED1-B046-8675ECD78AAB}.Debug|Any CPU.Build.0 = Debug|Any CPU
		{9488994B-5245-4ED1-B046-8675ECD78AAB}.Release|Any CPU.ActiveCfg = Release|Any CPU
		{9488994B-5245-4ED1-B046-8675ECD78AAB}.Release|Any CPU.Build.0 = Release|Any CPU
		{9AD3E519-CDB8-4A2E-8C41-D260EC514D0A}.Debug|Any CPU.ActiveCfg = Debug|Any CPU
		{9AD3E519-CDB8-4A2E-8C41-D260EC514D0A}.Debug|Any CPU.Build.0 = Debug|Any CPU
		{9AD3E519-CDB8-4A2E-8C41-D260EC514D0A}.Release|Any CPU.ActiveCfg = Release|Any CPU
		{9AD3E519-CDB8-4A2E-8C41-D260EC514D0A}.Release|Any CPU.Build.0 = Release|Any CPU
	EndGlobalSection
	GlobalSection(SolutionProperties) = preSolution
		HideSolutionNode = FALSE
	EndGlobalSection
	GlobalSection(ExtensibilityGlobals) = postSolution
		SolutionGuid = {CAE6314A-9A47-41B2-94FA-C3679BE1934D}
	EndGlobalSection
EndGlobal
